
Microsoft Visual Studio Solution File, Format Version 12.00
# Visual Studio Version 17
VisualStudioVersion = 17.4.33103.184
MinimumVisualStudioVersion = 10.0.40219.1
Project("{FAE04EC0-301F-11D3-BF4B-00C04F79EFBC}") = "ArithmeticMean", "ArithmeticMean\ArithmeticMean.csproj", "{CC9FCB7B-816D-4F2A-9A73-ED7EA1A800F4}"
EndProject
Global
	GlobalSection(SolutionConfigurationPlatforms) = preSolution
		Debug|Any CPU = Debug|Any CPU
		Release|Any CPU = Release|Any CPU
	EndGlobalSection
	GlobalSection(ProjectConfigurationPlatforms) = postSolution
		{CC9FCB7B-816D-4F2A-9A73-ED7EA1A800F4}.Debug|Any CPU.ActiveCfg = Debug|Any CPU
		{CC9FCB7B-816D-4F2A-9A73-ED7EA1A800F4}.Debug|Any CPU.Build.0 = Debug|Any CPU
		{CC9FCB7B-816D-4F2A-9A73-ED7EA1A800F4}.Release|Any CPU.ActiveCfg = Release|Any CPU
		{CC9FCB7B-816D-4F2A-9A73-ED7EA1A800F4}.Release|Any CPU.Build.0 = Release|Any CPU
	EndGlobalSection
	GlobalSection(SolutionProperties) = preSolution
		HideSolutionNode = FALSE
	EndGlobalSection
	GlobalSection(ExtensibilityGlobals) = postSolution
		SolutionGuid = {5B522667-E232-403F-AB07-D0ECE6933426}
	EndGlobalSection
EndGlobal
